
Microsoft Visual Studio Solution File, Format Version 12.00
# Visual Studio 15
Project("{FAE04EC0-301F-11D3-BF4B-00C04F79EFBC}") = "Assembly-CSharp", "Assembly-CSharp.csproj", "{49D0098B-0DF6-F8CA-BCE2-1A81A2E906EA}"
EndProject
Project("{FAE04EC0-301F-11D3-BF4B-00C04F79EFBC}") = "Assembly-CSharp-Editor", "Assembly-CSharp-Editor.csproj", "{857D178B-1B78-641D-386D-6C5FA99A64DE}"
EndProject
Global
	GlobalSection(SolutionConfigurationPlatforms) = preSolution
		Debug|Any CPU = Debug|Any CPU
		Release|Any CPU = Release|Any CPU
	EndGlobalSection
	GlobalSection(ProjectConfigurationPlatforms) = postSolution
		{49D0098B-0DF6-F8CA-BCE2-1A81A2E906EA}.Debug|Any CPU.ActiveCfg = Debug|Any CPU
		{49D0098B-0DF6-F8CA-BCE2-1A81A2E906EA}.Debug|Any CPU.Build.0 = Debug|Any CPU
		{49D0098B-0DF6-F8CA-BCE2-1A81A2E906EA}.Release|Any CPU.ActiveCfg = Release|Any CPU
		{49D0098B-0DF6-F8CA-BCE2-1A81A2E906EA}.Release|Any CPU.Build.0 = Release|Any CPU
		{857D178B-1B78-641D-386D-6C5FA99A64DE}.Debug|Any CPU.ActiveCfg = Debug|Any CPU
		{857D178B-1B78-641D-386D-6C5FA99A64DE}.Debug|Any CPU.Build.0 = Debug|Any CPU
		{857D178B-1B78-641D-386D-6C5FA99A64DE}.Release|Any CPU.ActiveCfg = Release|Any CPU
		{857D178B-1B78-641D-386D-6C5FA99A64DE}.Release|Any CPU.Build.0 = Release|Any CPU
	EndGlobalSection
	GlobalSection(SolutionProperties) = preSolution
		HideSolutionNode = FALSE
	EndGlobalSection
EndGlobal
